
Microsoft Visual Studio Solution File, Format Version 12.00
# Visual Studio Version 16
VisualStudioVersion = 16.0.31613.86
MinimumVisualStudioVersion = 10.0.40219.1
Project("{FAE04EC0-301F-11D3-BF4B-00C04F79EFBC}") = "CODE128", "Code128Generator\CODE128.csproj", "{5E73F545-EC8C-4AA4-82F2-D6055647240D}"
EndProject
Global
	GlobalSection(SolutionConfigurationPlatforms) = preSolution
		Debug|Any CPU = Debug|Any CPU
		Release|Any CPU = Release|Any CPU
	EndGlobalSection
	GlobalSection(ProjectConfigurationPlatforms) = postSolution
		{5E73F545-EC8C-4AA4-82F2-D6055647240D}.Debug|Any CPU.ActiveCfg = Debug|Any CPU
		{5E73F545-EC8C-4AA4-82F2-D6055647240D}.Debug|Any CPU.Build.0 = Debug|Any CPU
		{5E73F545-EC8C-4AA4-82F2-D6055647240D}.Release|Any CPU.ActiveCfg = Release|Any CPU
		{5E73F545-EC8C-4AA4-82F2-D6055647240D}.Release|Any CPU.Build.0 = Release|Any CPU
	EndGlobalSection
	GlobalSection(SolutionProperties) = preSolution
		HideSolutionNode = FALSE
	EndGlobalSection
	GlobalSection(ExtensibilityGlobals) = postSolution
		SolutionGuid = {C7E9E279-4686-4BD5-BF8B-81FEF6BB6B4B}
	EndGlobalSection
EndGlobal
